
Microsoft Visual Studio Solution File, Format Version 12.00
# Visual Studio 15
VisualStudioVersion = 15.0.28307.572
MinimumVisualStudioVersion = 10.0.40219.1
Project("{FAE04EC0-301F-11D3-BF4B-00C04F79EFBC}") = "DevPCBase", "DevPCBase\DevPCBase.csproj", "{819BF33F-10E1-4539-B421-579A7D38B6F2}"
EndProject
Project("{FAE04EC0-301F-11D3-BF4B-00C04F79EFBC}") = "X.Util.Repository", "X.Util.Repository\X.Util.Repository.csproj", "{5C5B38D2-FCD9-4940-B8EE-E540D7CE2910}"
EndProject
Project("{FAE04EC0-301F-11D3-BF4B-00C04F79EFBC}") = "X.Util.Repository.Test", "X.Util.Repository.Test\X.Util.Repository.Test.csproj", "{EA70C406-E9BC-4AFB-A693-AF0B143339CD}"
EndProject
Global
	GlobalSection(SolutionConfigurationPlatforms) = preSolution
		Debug|Any CPU = Debug|Any CPU
		Release|Any CPU = Release|Any CPU
	EndGlobalSection
	GlobalSection(ProjectConfigurationPlatforms) = postSolution
		{819BF33F-10E1-4539-B421-579A7D38B6F2}.Debug|Any CPU.ActiveCfg = Debug|Any CPU
		{819BF33F-10E1-4539-B421-579A7D38B6F2}.Debug|Any CPU.Build.0 = Debug|Any CPU
		{819BF33F-10E1-4539-B421-579A7D38B6F2}.Release|Any CPU.ActiveCfg = Release|Any CPU
		{819BF33F-10E1-4539-B421-579A7D38B6F2}.Release|Any CPU.Build.0 = Release|Any CPU
		{5C5B38D2-FCD9-4940-B8EE-E540D7CE2910}.Debug|Any CPU.ActiveCfg = Debug|Any CPU
		{5C5B38D2-FCD9-4940-B8EE-E540D7CE2910}.Debug|Any CPU.Build.0 = Debug|Any CPU
		{5C5B38D2-FCD9-4940-B8EE-E540D7CE2910}.Release|Any CPU.ActiveCfg = Release|Any CPU
		{5C5B38D2-FCD9-4940-B8EE-E540D7CE2910}.Release|Any CPU.Build.0 = Release|Any CPU
		{EA70C406-E9BC-4AFB-A693-AF0B143339CD}.Debug|Any CPU.ActiveCfg = Debug|Any CPU
		{EA70C406-E9BC-4AFB-A693-AF0B143339CD}.Debug|Any CPU.Build.0 = Debug|Any CPU
		{EA70C406-E9BC-4AFB-A693-AF0B143339CD}.Release|Any CPU.ActiveCfg = Release|Any CPU
		{EA70C406-E9BC-4AFB-A693-AF0B143339CD}.Release|Any CPU.Build.0 = Release|Any CPU
	EndGlobalSection
	GlobalSection(SolutionProperties) = preSolution
		HideSolutionNode = FALSE
	EndGlobalSection
	GlobalSection(ExtensibilityGlobals) = postSolution
		SolutionGuid = {AE4CB11E-A1A4-489C-88EC-C10AB8B5B71C}
	EndGlobalSection
EndGlobal
