
Microsoft Visual Studio Solution File, Format Version 12.00
# Visual Studio 15
VisualStudioVersion = 15.0.28307.572
MinimumVisualStudioVersion = 10.0.40219.1
Project("{FAE04EC0-301F-11D3-BF4B-00C04F79EFBC}") = "WinCommonSoftware", "WinCommonSoftware\WinCommonSoftware.csproj", "{819BF33F-10E1-4539-B421-579A7D38B6F2}"
EndProject
Project("{FAE04EC0-301F-11D3-BF4B-00C04F79EFBC}") = "X.Util.Repository", "X.Util.Repository\X.Util.Repository.csproj", "{5C5B38D2-FCD9-4940-B8EE-E540D7CE2910}"
EndProject
Project("{FAE04EC0-301F-11D3-BF4B-00C04F79EFBC}") = "X.Util.Repository.Test", "X.Util.Repository.Test\X.Util.Repository.Test.csproj", "{EA70C406-E9BC-4AFB-A693-AF0B143339CD}"
EndProject
Project("{2150E333-8FDC-42A3-9474-1A3956D46DE8}") = "Solution Items", "Solution Items", "{3E0970F6-52EE-4436-891D-313E35435C0F}"
	ProjectSection(SolutionItems) = preProject
		README.md = README.md
	EndProjectSection
EndProject
Project("{FAE04EC0-301F-11D3-BF4B-00C04F79EFBC}") = "DXApplicationControlTest", "DXApplicationControlTest\DXApplicationControlTest.csproj", "{AF50E03D-4B34-481E-96E6-B389D4F6F062}"
EndProject
Project("{FAE04EC0-301F-11D3-BF4B-00C04F79EFBC}") = "Soaring.Socket.Util", "Soaring.Socket.Util\Soaring.Socket.Util.csproj", "{FA074991-22AD-48EF-98A2-1BCA4005F4DC}"
EndProject
Project("{FAE04EC0-301F-11D3-BF4B-00C04F79EFBC}") = "Soaring.Util.Test", "Soaring.Util.Test\Soaring.Util.Test.csproj", "{EA554775-EA89-403D-A2C9-4B5C3A5972BB}"
EndProject
Global
	GlobalSection(SolutionConfigurationPlatforms) = preSolution
		Debug|Any CPU = Debug|Any CPU
		Release|Any CPU = Release|Any CPU
	EndGlobalSection
	GlobalSection(ProjectConfigurationPlatforms) = postSolution
		{819BF33F-10E1-4539-B421-579A7D38B6F2}.Debug|Any CPU.ActiveCfg = Debug|Any CPU
		{819BF33F-10E1-4539-B421-579A7D38B6F2}.Debug|Any CPU.Build.0 = Debug|Any CPU
		{819BF33F-10E1-4539-B421-579A7D38B6F2}.Release|Any CPU.ActiveCfg = Release|Any CPU
		{819BF33F-10E1-4539-B421-579A7D38B6F2}.Release|Any CPU.Build.0 = Release|Any CPU
		{5C5B38D2-FCD9-4940-B8EE-E540D7CE2910}.Debug|Any CPU.ActiveCfg = Debug|Any CPU
		{5C5B38D2-FCD9-4940-B8EE-E540D7CE2910}.Debug|Any CPU.Build.0 = Debug|Any CPU
		{5C5B38D2-FCD9-4940-B8EE-E540D7CE2910}.Release|Any CPU.ActiveCfg = Release|Any CPU
		{5C5B38D2-FCD9-4940-B8EE-E540D7CE2910}.Release|Any CPU.Build.0 = Release|Any CPU
		{EA70C406-E9BC-4AFB-A693-AF0B143339CD}.Debug|Any CPU.ActiveCfg = Debug|Any CPU
		{EA70C406-E9BC-4AFB-A693-AF0B143339CD}.Debug|Any CPU.Build.0 = Debug|Any CPU
		{EA70C406-E9BC-4AFB-A693-AF0B143339CD}.Release|Any CPU.ActiveCfg = Release|Any CPU
		{EA70C406-E9BC-4AFB-A693-AF0B143339CD}.Release|Any CPU.Build.0 = Release|Any CPU
		{AF50E03D-4B34-481E-96E6-B389D4F6F062}.Debug|Any CPU.ActiveCfg = Debug|Any CPU
		{AF50E03D-4B34-481E-96E6-B389D4F6F062}.Debug|Any CPU.Build.0 = Debug|Any CPU
		{AF50E03D-4B34-481E-96E6-B389D4F6F062}.Release|Any CPU.ActiveCfg = Release|Any CPU
		{AF50E03D-4B34-481E-96E6-B389D4F6F062}.Release|Any CPU.Build.0 = Release|Any CPU
		{FA074991-22AD-48EF-98A2-1BCA4005F4DC}.Debug|Any CPU.ActiveCfg = Debug|Any CPU
		{FA074991-22AD-48EF-98A2-1BCA4005F4DC}.Debug|Any CPU.Build.0 = Debug|Any CPU
		{FA074991-22AD-48EF-98A2-1BCA4005F4DC}.Release|Any CPU.ActiveCfg = Release|Any CPU
		{FA074991-22AD-48EF-98A2-1BCA4005F4DC}.Release|Any CPU.Build.0 = Release|Any CPU
		{EA554775-EA89-403D-A2C9-4B5C3A5972BB}.Debug|Any CPU.ActiveCfg = Debug|Any CPU
		{EA554775-EA89-403D-A2C9-4B5C3A5972BB}.Debug|Any CPU.Build.0 = Debug|Any CPU
		{EA554775-EA89-403D-A2C9-4B5C3A5972BB}.Release|Any CPU.ActiveCfg = Release|Any CPU
		{EA554775-EA89-403D-A2C9-4B5C3A5972BB}.Release|Any CPU.Build.0 = Release|Any CPU
	EndGlobalSection
	GlobalSection(SolutionProperties) = preSolution
		HideSolutionNode = FALSE
	EndGlobalSection
	GlobalSection(ExtensibilityGlobals) = postSolution
		SolutionGuid = {AE4CB11E-A1A4-489C-88EC-C10AB8B5B71C}
	EndGlobalSection
EndGlobal
